{
  "name": "ngo-donations-site",
  "version": "1.0.0",
  "lockfileVersion": 1,
  "requires": true,
  "dependencies": {
    "ionic-native": {
      "version": "https://github.com/ionic-team/ionic-native/tarball/v3.5.0",
      "integrity": "sha512-Yd8HzMc16NSuO13vK+GKvDrGf+VDXekghT3QNU+Gln5v3gkg72vYnbhew4+ss6LHhbvfT5yHokDLSQ2whTX8iQ=="
    }
  }
}
